{
  "name": "logistics-tracking-app",
  "version": "0.0.0",
  "lockfileVersion": 3,
  "requires": true,
  "packages": {
    "": {
      "dependencies": {
        "helmet": "^8.1.0",
        "leaflet": "^1.9.4",
        "react-leaflet": "^5.0.0",
        "redis": "^5.10.0"
      }
    },
    "node_modules/@react-leaflet/core": {
      "version": "3.0.0",
      "resolved": "https://registry.npmjs.org/@react-leaflet/core/-/core-3.0.0.tgz",
      "integrity": "sha512-3EWmekh4Nz+pGcr+xjf0KNyYfC3U2JjnkWsh0zcqaexYqmmB5ZhH37kz41JXGmKzpaMZCnPofBBm64i+YrEvGQ==",
      "license": "Hippocratic-2.1",
      "peerDependencies": {
        "leaflet": "^1.9.0",
        "react": "^19.0.0",
        "react-dom": "^19.0.0"
      }
    },
    "node_modules/@redis/bloom": {
      "version": "5.10.0",
      "resolved": "https://registry.npmjs.org/@redis/bloom/-/bloom-5.10.0.tgz",
      "integrity": "sha512-doIF37ob+l47n0rkpRNgU8n4iacBlKM9xLiP1LtTZTvz8TloJB8qx/MgvhMhKdYG+CvCY2aPBnN2706izFn/4A==",
      "license": "MIT",
      "engines": {
        "node": ">= 18"
      },
      "peerDependencies": {
        "@redis/client": "^5.10.0"
      }
    },
    "node_modules/@redis/client": {
      "version": "5.10.0",
      "resolved": "https://registry.npmjs.org/@redis/client/-/client-5.10.0.tgz",
      "integrity": "sha512-JXmM4XCoso6C75Mr3lhKA3eNxSzkYi3nCzxDIKY+YOszYsJjuKbFgVtguVPbLMOttN4iu2fXoc2BGhdnYhIOxA==",
      "license": "MIT",
      "dependencies": {
        "cluster-key-slot": "1.1.2"
      },
      "engines": {
        "node": ">= 18"
      }
    },
    "node_modules/@redis/json": {
      "version": "5.10.0",
      "resolved": "https://registry.npmjs.org/@redis/json/-/json-5.10.0.tgz",
      "integrity": "sha512-B2G8XlOmTPUuZtD44EMGbtoepQG34RCDXLZbjrtON1Djet0t5Ri7/YPXvL9aomXqP8lLTreaprtyLKF4tmXEEA==",
      "license": "MIT",
      "engines": {
        "node": ">= 18"
      },
      "peerDependencies": {
        "@redis/client": "^5.10.0"
      }
    },
    "node_modules/@redis/search": {
      "version": "5.10.0",
      "resolved": "https://registry.npmjs.org/@redis/search/-/search-5.10.0.tgz",
      "integrity": "sha512-3SVcPswoSfp2HnmWbAGUzlbUPn7fOohVu2weUQ0S+EMiQi8jwjL+aN2p6V3TI65eNfVsJ8vyPvqWklm6H6esmg==",
      "license": "MIT",
      "engines": {
        "node": ">= 18"
      },
      "peerDependencies": {
        "@redis/client": "^5.10.0"
      }
    },
    "node_modules/@redis/time-series": {
      "version": "5.10.0",
      "resolved": "https://registry.npmjs.org/@redis/time-series/-/time-series-5.10.0.tgz",
      "integrity": "sha512-cPkpddXH5kc/SdRhF0YG0qtjL+noqFT0AcHbQ6axhsPsO7iqPi1cjxgdkE9TNeKiBUUdCaU1DbqkR/LzbzPBhg==",
      "license": "MIT",
      "engines": {
        "node": ">= 18"
      },
      "peerDependencies": {
        "@redis/client": "^5.10.0"
      }
    },
    "node_modules/cluster-key-slot": {
      "version": "1.1.2",
      "resolved": "https://registry.npmjs.org/cluster-key-slot/-/cluster-key-slot-1.1.2.tgz",
      "integrity": "sha512-RMr0FhtfXemyinomL4hrWcYJxmX6deFdCxpJzhDttxgO1+bcCnkk+9drydLVDmAMG7NE6aN/fl4F7ucU/90gAA==",
      "license": "Apache-2.0",
      "engines": {
        "node": ">=0.10.0"
      }
    },
    "node_modules/helmet": {
      "version": "8.1.0",
      "resolved": "https://registry.npmjs.org/helmet/-/helmet-8.1.0.tgz",
      "integrity": "sha512-jOiHyAZsmnr8LqoPGmCjYAaiuWwjAPLgY8ZX2XrmHawt99/u1y6RgrZMTeoPfpUbV96HOalYgz1qzkRbw54Pmg==",
      "license": "MIT",
      "engines": {
        "node": ">=18.0.0"
      }
    },
    "node_modules/leaflet": {
      "version": "1.9.4",
      "resolved": "https://registry.npmjs.org/leaflet/-/leaflet-1.9.4.tgz",
      "integrity": "sha512-nxS1ynzJOmOlHp+iL3FyWqK89GtNL8U8rvlMOsQdTTssxZwCXh8N2NB3GDQOL+YR3XnWyZAxwQixURb+FA74PA==",
      "license": "BSD-2-Clause"
    },
    "node_modules/react": {
      "version": "19.2.1",
      "resolved": "https://registry.npmjs.org/react/-/react-19.2.1.tgz",
      "integrity": "sha512-DGrYcCWK7tvYMnWh79yrPHt+vdx9tY+1gPZa7nJQtO/p8bLTDaHp4dzwEhQB7pZ4Xe3ok4XKuEPrVuc+wlpkmw==",
      "license": "MIT",
      "peer": true,
      "engines": {
        "node": ">=0.10.0"
      }
    },
    "node_modules/react-dom": {
      "version": "19.2.1",
      "resolved": "https://registry.npmjs.org/react-dom/-/react-dom-19.2.1.tgz",
      "integrity": "sha512-ibrK8llX2a4eOskq1mXKu/TGZj9qzomO+sNfO98M6d9zIPOEhlBkMkBUBLd1vgS0gQsLDBzA+8jJBVXDnfHmJg==",
      "license": "MIT",
      "peer": true,
      "dependencies": {
        "scheduler": "^0.27.0"
      },
      "peerDependencies": {
        "react": "^19.2.1"
      }
    },
    "node_modules/react-leaflet": {
      "version": "5.0.0",
      "resolved": "https://registry.npmjs.org/react-leaflet/-/react-leaflet-5.0.0.tgz",
      "integrity": "sha512-CWbTpr5vcHw5bt9i4zSlPEVQdTVcML390TjeDG0cK59z1ylexpqC6M1PJFjV8jD7CF+ACBFsLIDs6DRMoLEofw==",
      "license": "Hippocratic-2.1",
      "dependencies": {
        "@react-leaflet/core": "^3.0.0"
      },
      "peerDependencies": {
        "leaflet": "^1.9.0",
        "react": "^19.0.0",
        "react-dom": "^19.0.0"
      }
    },
    "node_modules/redis": {
      "version": "5.10.0",
      "resolved": "https://registry.npmjs.org/redis/-/redis-5.10.0.tgz",
      "integrity": "sha512-0/Y+7IEiTgVGPrLFKy8oAEArSyEJkU0zvgV5xyi9NzNQ+SLZmyFbUsWIbgPcd4UdUh00opXGKlXJwMmsis5Byw==",
      "license": "MIT",
      "dependencies": {
        "@redis/bloom": "5.10.0",
        "@redis/client": "5.10.0",
        "@redis/json": "5.10.0",
        "@redis/search": "5.10.0",
        "@redis/time-series": "5.10.0"
      },
      "engines": {
        "node": ">= 18"
      }
    },
    "node_modules/scheduler": {
      "version": "0.27.0",
      "resolved": "https://registry.npmjs.org/scheduler/-/scheduler-0.27.0.tgz",
      "integrity": "sha512-eNv+WrVbKu1f3vbYJT/xtiF5syA5HPIMtf9IgY/nKg0sWqzAUEvqY/xm7OcZc/qafLx/iO9FgOmeSAp4v5ti/Q==",
      "license": "MIT",
      "peer": true
    }
  }
}
